// !$*UTF8*$!
{
	archiveVersion = 1;
	classes = {
	};
	objectVersion = 55;
	objects = {

/* Begin PBXBuildFile section */
		3324130328DA7C93006A2112 /* AppDelegate.swift in Sources */ = {isa = PBXBuildFile; fileRef = 3324130228DA7C93006A2112 /* AppDelegate.swift */; };
		3324130528DA7C93006A2112 /* SceneDelegate.swift in Sources */ = {isa = PBXBuildFile; fileRef = 3324130428DA7C93006A2112 /* SceneDelegate.swift */; };
		3324130728DA7C93006A2112 /* SearchViewController.swift in Sources */ = {isa = PBXBuildFile; fileRef = 3324130628DA7C93006A2112 /* SearchViewController.swift */; };
		3324131728DB4AAD006A2112 /* SearchResult.swift in Sources */ = {isa = PBXBuildFile; fileRef = 3324131628DB4AAD006A2112 /* SearchResult.swift */; };
		3324131D28DBD71A006A2112 /* SearchResultCell.swift in Sources */ = {isa = PBXBuildFile; fileRef = 3324131C28DBD71A006A2112 /* SearchResultCell.swift */; };
		3324132128DBEC34006A2112 /* SearchResultCell.xib in Resources */ = {isa = PBXBuildFile; fileRef = 3324132028DBEC34006A2112 /* SearchResultCell.xib */; };
		3324132528DD3616006A2112 /* UIImageView+DownloadImage.swift in Sources */ = {isa = PBXBuildFile; fileRef = 3324132428DD3616006A2112 /* UIImageView+DownloadImage.swift */; };
		33BE6AC528E5E68600B90F67 /* DetailViewController.swift in Sources */ = {isa = PBXBuildFile; fileRef = 33BE6AC428E5E68600B90F67 /* DetailViewController.swift */; };
		33BE6AE728E5EFD900B90F67 /* GradientView.swift in Sources */ = {isa = PBXBuildFile; fileRef = 33BE6AE628E5EFD900B90F67 /* GradientView.swift */; };
		33BE6AE928E5F03700B90F67 /* BounceAnimationController.swift in Sources */ = {isa = PBXBuildFile; fileRef = 33BE6AE828E5F03700B90F67 /* BounceAnimationController.swift */; };
		33BE6AEB28E5F05900B90F67 /* SlideOutAnimationController.swift in Sources */ = {isa = PBXBuildFile; fileRef = 33BE6AEA28E5F05900B90F67 /* SlideOutAnimationController.swift */; };
		33BE6AED28E6790B00B90F67 /* LandscapeViewController.swift in Sources */ = {isa = PBXBuildFile; fileRef = 33BE6AEC28E6790B00B90F67 /* LandscapeViewController.swift */; };
		33BE6AEF28E67E5400B90F67 /* FadeOutAnimationController.swift in Sources */ = {isa = PBXBuildFile; fileRef = 33BE6AEE28E67E5400B90F67 /* FadeOutAnimationController.swift */; };
		33BE6AF128E7348B00B90F67 /* Search.swift in Sources */ = {isa = PBXBuildFile; fileRef = 33BE6AF028E7348B00B90F67 /* Search.swift */; };
		33BE6AF328E7570E00B90F67 /* Assets.xcassets in Resources */ = {isa = PBXBuildFile; fileRef = 33BE6AF228E7570E00B90F67 /* Assets.xcassets */; };
		33BE6AF428E75B9600B90F67 /* NothingFoundCell.xib in Resources */ = {isa = PBXBuildFile; fileRef = 33BE6AF628E75B9600B90F67 /* NothingFoundCell.xib */; };
		33BE6AF828E75D7200B90F67 /* LoadingCell.xib in Resources */ = {isa = PBXBuildFile; fileRef = 33BE6AFA28E75D7200B90F67 /* LoadingCell.xib */; };
		33BE6B0328E760A300B90F67 /* MenuViewController.swift in Sources */ = {isa = PBXBuildFile; fileRef = 33BE6B0228E760A300B90F67 /* MenuViewController.swift */; };
		33BE6B0528E761E300B90F67 /* Main.storyboard in Resources */ = {isa = PBXBuildFile; fileRef = 33BE6B0428E761E300B90F67 /* Main.storyboard */; };
/* End PBXBuildFile section */

/* Begin PBXFileReference section */
		332412FF28DA7C93006A2112 /* StoreSearch.app */ = {isa = PBXFileReference; explicitFileType = wrapper.application; includeInIndex = 0; path = StoreSearch.app; sourceTree = BUILT_PRODUCTS_DIR; };
		3324130228DA7C93006A2112 /* AppDelegate.swift */ = {isa = PBXFileReference; lastKnownFileType = sourcecode.swift; path = AppDelegate.swift; sourceTree = "<group>"; };
		3324130428DA7C93006A2112 /* SceneDelegate.swift */ = {isa = PBXFileReference; lastKnownFileType = sourcecode.swift; path = SceneDelegate.swift; sourceTree = "<group>"; };
		3324130628DA7C93006A2112 /* SearchViewController.swift */ = {isa = PBXFileReference; lastKnownFileType = sourcecode.swift; path = SearchViewController.swift; sourceTree = "<group>"; };
		3324131028DA7CA2006A2112 /* Info.plist */ = {isa = PBXFileReference; lastKnownFileType = text.plist.xml; path = Info.plist; sourceTree = "<group>"; };
		3324131628DB4AAD006A2112 /* SearchResult.swift */ = {isa = PBXFileReference; lastKnownFileType = sourcecode.swift; path = SearchResult.swift; sourceTree = "<group>"; };
		3324131C28DBD71A006A2112 /* SearchResultCell.swift */ = {isa = PBXFileReference; lastKnownFileType = sourcecode.swift; path = SearchResultCell.swift; sourceTree = "<group>"; };
		3324132028DBEC34006A2112 /* SearchResultCell.xib */ = {isa = PBXFileReference; fileEncoding = 4; lastKnownFileType = file.xib; name = SearchResultCell.xib; path = "../../../../IOS-materials-editions-10.0/04-store-search/source-code/33-custom-table-cells/chapter-33-final/StoreSearch/SearchResultCell.xib"; sourceTree = "<group>"; };
		3324132428DD3616006A2112 /* UIImageView+DownloadImage.swift */ = {isa = PBXFileReference; lastKnownFileType = sourcecode.swift; path = "UIImageView+DownloadImage.swift"; sourceTree = "<group>"; };
		33BE6AC428E5E68600B90F67 /* DetailViewController.swift */ = {isa = PBXFileReference; fileEncoding = 4; lastKnownFileType = sourcecode.swift; path = DetailViewController.swift; sourceTree = "<group>"; };
		33BE6AE628E5EFD900B90F67 /* GradientView.swift */ = {isa = PBXFileReference; fileEncoding = 4; lastKnownFileType = sourcecode.swift; path = GradientView.swift; sourceTree = "<group>"; };
		33BE6AE828E5F03700B90F67 /* BounceAnimationController.swift */ = {isa = PBXFileReference; fileEncoding = 4; lastKnownFileType = sourcecode.swift; path = BounceAnimationController.swift; sourceTree = "<group>"; };
		33BE6AEA28E5F05900B90F67 /* SlideOutAnimationController.swift */ = {isa = PBXFileReference; fileEncoding = 4; lastKnownFileType = sourcecode.swift; path = SlideOutAnimationController.swift; sourceTree = "<group>"; };
		33BE6AEC28E6790B00B90F67 /* LandscapeViewController.swift */ = {isa = PBXFileReference; fileEncoding = 4; lastKnownFileType = sourcecode.swift; path = LandscapeViewController.swift; sourceTree = "<group>"; };
		33BE6AEE28E67E5400B90F67 /* FadeOutAnimationController.swift */ = {isa = PBXFileReference; fileEncoding = 4; lastKnownFileType = sourcecode.swift; path = FadeOutAnimationController.swift; sourceTree = "<group>"; };
		33BE6AF028E7348B00B90F67 /* Search.swift */ = {isa = PBXFileReference; fileEncoding = 4; lastKnownFileType = sourcecode.swift; path = Search.swift; sourceTree = "<group>"; };
		33BE6AF228E7570E00B90F67 /* Assets.xcassets */ = {isa = PBXFileReference; lastKnownFileType = folder.assetcatalog; name = Assets.xcassets; path = "../../../../IOS-materials-editions-10.0/04-store-search/source-code/42-the-ipad/chapter-42-final/StoreSearch/Assets.xcassets"; sourceTree = "<group>"; };
		33BE6AF528E75B9600B90F67 /* en */ = {isa = PBXFileReference; lastKnownFileType = file.xib; name = en; path = en.lproj/NothingFoundCell.xib; sourceTree = "<group>"; };
		33BE6AF728E75C6200B90F67 /* nl */ = {isa = PBXFileReference; lastKnownFileType = file.xib; name = nl; path = nl.lproj/NothingFoundCell.xib; sourceTree = "<group>"; };
		33BE6AF928E75D7200B90F67 /* Base */ = {isa = PBXFileReference; lastKnownFileType = file.xib; name = Base; path = Base.lproj/LoadingCell.xib; sourceTree = "<group>"; };
		33BE6AFC28E75D9E00B90F67 /* nl */ = {isa = PBXFileReference; lastKnownFileType = text.plist.strings; name = nl; path = nl.lproj/LoadingCell.strings; sourceTree = "<group>"; };
		33BE6B0228E760A300B90F67 /* MenuViewController.swift */ = {isa = PBXFileReference; fileEncoding = 4; lastKnownFileType = sourcecode.swift; path = MenuViewController.swift; sourceTree = "<group>"; };
		33BE6B0428E761E300B90F67 /* Main.storyboard */ = {isa = PBXFileReference; fileEncoding = 4; lastKnownFileType = file.storyboard; path = Main.storyboard; sourceTree = "<group>"; };
/* End PBXFileReference section */

/* Begin PBXFrameworksBuildPhase section */
		332412FC28DA7C92006A2112 /* Frameworks */ = {
			isa = PBXFrameworksBuildPhase;
			buildActionMask = 2147483647;
			files = (
			);
			runOnlyForDeploymentPostprocessing = 0;
		};
/* End PBXFrameworksBuildPhase section */

/* Begin PBXGroup section */
		332412F628DA7C92006A2112 = {
			isa = PBXGroup;
			children = (
				3324130128DA7C93006A2112 /* StoreSearch */,
				3324130028DA7C93006A2112 /* Products */,
			);
			sourceTree = "<group>";
		};
		3324130028DA7C93006A2112 /* Products */ = {
			isa = PBXGroup;
			children = (
				332412FF28DA7C93006A2112 /* StoreSearch.app */,
			);
			name = Products;
			sourceTree = "<group>";
		};
		3324130128DA7C93006A2112 /* StoreSearch */ = {
			isa = PBXGroup;
			children = (
				3324130228DA7C93006A2112 /* AppDelegate.swift */,
				3324130428DA7C93006A2112 /* SceneDelegate.swift */,
				33BE6B0428E761E300B90F67 /* Main.storyboard */,
				3324130628DA7C93006A2112 /* SearchViewController.swift */,
				33BE6AF628E75B9600B90F67 /* NothingFoundCell.xib */,
				33BE6AF228E7570E00B90F67 /* Assets.xcassets */,
				3324131028DA7CA2006A2112 /* Info.plist */,
				3324131628DB4AAD006A2112 /* SearchResult.swift */,
				3324132028DBEC34006A2112 /* SearchResultCell.xib */,
				3324131C28DBD71A006A2112 /* SearchResultCell.swift */,
				33BE6AFA28E75D7200B90F67 /* LoadingCell.xib */,
				3324132428DD3616006A2112 /* UIImageView+DownloadImage.swift */,
				33BE6AEC28E6790B00B90F67 /* LandscapeViewController.swift */,
				33BE6AC428E5E68600B90F67 /* DetailViewController.swift */,
				33BE6AE628E5EFD900B90F67 /* GradientView.swift */,
				33BE6AEE28E67E5400B90F67 /* FadeOutAnimationController.swift */,
				33BE6AE828E5F03700B90F67 /* BounceAnimationController.swift */,
				33BE6AEA28E5F05900B90F67 /* SlideOutAnimationController.swift */,
				33BE6AF028E7348B00B90F67 /* Search.swift */,
				33BE6B0228E760A300B90F67 /* MenuViewController.swift */,
			);
			path = StoreSearch;
			sourceTree = "<group>";
		};
/* End PBXGroup section */

/* Begin PBXNativeTarget section */
		332412FE28DA7C92006A2112 /* StoreSearch */ = {
			isa = PBXNativeTarget;
			buildConfigurationList = 3324131328DA7CA2006A2112 /* Build configuration list for PBXNativeTarget "StoreSearch" */;
			buildPhases = (
				332412FB28DA7C92006A2112 /* Sources */,
				332412FC28DA7C92006A2112 /* Frameworks */,
				332412FD28DA7C92006A2112 /* Resources */,
			);
			buildRules = (
			);
			dependencies = (
			);
			name = StoreSearch;
			productName = StoreSearch;
			productReference = 332412FF28DA7C93006A2112 /* StoreSearch.app */;
			productType = "com.apple.product-type.application";
		};
/* End PBXNativeTarget section */

/* Begin PBXProject section */
		332412F728DA7C92006A2112 /* Project object */ = {
			isa = PBXProject;
			attributes = {
				BuildIndependentTargetsInParallel = 1;
				LastSwiftUpdateCheck = 1300;
				LastUpgradeCheck = 1300;
				TargetAttributes = {
					332412FE28DA7C92006A2112 = {
						CreatedOnToolsVersion = 13.0;
					};
				};
			};
			buildConfigurationList = 332412FA28DA7C92006A2112 /* Build configuration list for PBXProject "StoreSearch" */;
			compatibilityVersion = "Xcode 13.0";
			developmentRegion = en;
			hasScannedForEncodings = 0;
			knownRegions = (
				en,
				Base,
				nl,
			);
			mainGroup = 332412F628DA7C92006A2112;
			productRefGroup = 3324130028DA7C93006A2112 /* Products */;
			projectDirPath = "";
			projectRoot = "";
			targets = (
				332412FE28DA7C92006A2112 /* StoreSearch */,
			);
		};
/* End PBXProject section */

/* Begin PBXResourcesBuildPhase section */
		332412FD28DA7C92006A2112 /* Resources */ = {
			isa = PBXResourcesBuildPhase;
			buildActionMask = 2147483647;
			files = (
				33BE6AF828E75D7200B90F67 /* LoadingCell.xib in Resources */,
				33BE6B0528E761E300B90F67 /* Main.storyboard in Resources */,
				33BE6AF428E75B9600B90F67 /* NothingFoundCell.xib in Resources */,
				33BE6AF328E7570E00B90F67 /* Assets.xcassets in Resources */,
				3324132128DBEC34006A2112 /* SearchResultCell.xib in Resources */,
			);
			runOnlyForDeploymentPostprocessing = 0;
		};
/* End PBXResourcesBuildPhase section */

/* Begin PBXSourcesBuildPhase section */
		332412FB28DA7C92006A2112 /* Sources */ = {
			isa = PBXSourcesBuildPhase;
			buildActionMask = 2147483647;
			files = (
				33BE6AF128E7348B00B90F67 /* Search.swift in Sources */,
				3324130728DA7C93006A2112 /* SearchViewController.swift in Sources */,
				3324130328DA7C93006A2112 /* AppDelegate.swift in Sources */,
				33BE6B0328E760A300B90F67 /* MenuViewController.swift in Sources */,
				33BE6AEF28E67E5400B90F67 /* FadeOutAnimationController.swift in Sources */,
				3324132528DD3616006A2112 /* UIImageView+DownloadImage.swift in Sources */,
				3324131728DB4AAD006A2112 /* SearchResult.swift in Sources */,
				33BE6AE928E5F03700B90F67 /* BounceAnimationController.swift in Sources */,
				33BE6AED28E6790B00B90F67 /* LandscapeViewController.swift in Sources */,
				3324130528DA7C93006A2112 /* SceneDelegate.swift in Sources */,
				3324131D28DBD71A006A2112 /* SearchResultCell.swift in Sources */,
				33BE6AE728E5EFD900B90F67 /* GradientView.swift in Sources */,
				33BE6AC528E5E68600B90F67 /* DetailViewController.swift in Sources */,
				33BE6AEB28E5F05900B90F67 /* SlideOutAnimationController.swift in Sources */,
			);
			runOnlyForDeploymentPostprocessing = 0;
		};
/* End PBXSourcesBuildPhase section */

/* Begin PBXVariantGroup section */
		33BE6AF628E75B9600B90F67 /* NothingFoundCell.xib */ = {
			isa = PBXVariantGroup;
			children = (
				33BE6AF528E75B9600B90F67 /* en */,
				33BE6AF728E75C6200B90F67 /* nl */,
			);
			name = NothingFoundCell.xib;
			sourceTree = "<group>";
		};
		33BE6AFA28E75D7200B90F67 /* LoadingCell.xib */ = {
			isa = PBXVariantGroup;
			children = (
				33BE6AF928E75D7200B90F67 /* Base */,
				33BE6AFC28E75D9E00B90F67 /* nl */,
			);
			name = LoadingCell.xib;
			sourceTree = "<group>";
		};
/* End PBXVariantGroup section */

/* Begin XCBuildConfiguration section */
		3324131128DA7CA2006A2112 /* Debug */ = {
			isa = XCBuildConfiguration;
			buildSettings = {
				ALWAYS_SEARCH_USER_PATHS = NO;
				CLANG_ANALYZER_LOCALIZABILITY_NONLOCALIZED = YES;
				CLANG_ANALYZER_NONNULL = YES;
				CLANG_ANALYZER_NUMBER_OBJECT_CONVERSION = YES_AGGRESSIVE;
				CLANG_CXX_LANGUAGE_STANDARD = "gnu++17";
				CLANG_CXX_LIBRARY = "libc++";
				CLANG_ENABLE_MODULES = YES;
				CLANG_ENABLE_OBJC_ARC = YES;
				CLANG_ENABLE_OBJC_WEAK = YES;
				CLANG_WARN_BLOCK_CAPTURE_AUTORELEASING = YES;
				CLANG_WARN_BOOL_CONVERSION = YES;
				CLANG_WARN_COMMA = YES;
				CLANG_WARN_CONSTANT_CONVERSION = YES;
				CLANG_WARN_DEPRECATED_OBJC_IMPLEMENTATIONS = YES;
				CLANG_WARN_DIRECT_OBJC_ISA_USAGE = YES_ERROR;
				CLANG_WARN_DOCUMENTATION_COMMENTS = YES;
				CLANG_WARN_EMPTY_BODY = YES;
				CLANG_WARN_ENUM_CONVERSION = YES;
				CLANG_WARN_INFINITE_RECURSION = YES;
				CLANG_WARN_INT_CONVERSION = YES;
				CLANG_WARN_NON_LITERAL_NULL_CONVERSION = YES;
				CLANG_WARN_OBJC_IMPLICIT_RETAIN_SELF = YES;
				CLANG_WARN_OBJC_LITERAL_CONVERSION = YES;
				CLANG_WARN_OBJC_ROOT_CLASS = YES_ERROR;
				CLANG_WARN_QUOTED_INCLUDE_IN_FRAMEWORK_HEADER = YES;
				CLANG_WARN_RANGE_LOOP_ANALYSIS = YES;
				CLANG_WARN_STRICT_PROTOTYPES = YES;
				CLANG_WARN_SUSPICIOUS_MOVE = YES;
				CLANG_WARN_UNGUARDED_AVAILABILITY = YES_AGGRESSIVE;
				CLANG_WARN_UNREACHABLE_CODE = YES;
				CLANG_WARN__DUPLICATE_METHOD_MATCH = YES;
				COPY_PHASE_STRIP = NO;
				DEBUG_INFORMATION_FORMAT = dwarf;
				ENABLE_STRICT_OBJC_MSGSEND = YES;
				ENABLE_TESTABILITY = YES;
				GCC_C_LANGUAGE_STANDARD = gnu11;
				GCC_DYNAMIC_NO_PIC = NO;
				GCC_NO_COMMON_BLOCKS = YES;
				GCC_OPTIMIZATION_LEVEL = 0;
				GCC_PREPROCESSOR_DEFINITIONS = (
					"DEBUG=1",
					"$(inherited)",
				);
				GCC_WARN_64_TO_32_BIT_CONVERSION = YES;
				GCC_WARN_ABOUT_RETURN_TYPE = YES_ERROR;
				GCC_WARN_UNDECLARED_SELECTOR = YES;
				GCC_WARN_UNINITIALIZED_AUTOS = YES_AGGRESSIVE;
				GCC_WARN_UNUSED_FUNCTION = YES;
				GCC_WARN_UNUSED_VARIABLE = YES;
				IPHONEOS_DEPLOYMENT_TARGET = 15.0;
				MTL_ENABLE_DEBUG_INFO = INCLUDE_SOURCE;
				MTL_FAST_MATH = YES;
				ONLY_ACTIVE_ARCH = YES;
				SDKROOT = iphoneos;
				SWIFT_ACTIVE_COMPILATION_CONDITIONS = DEBUG;
				SWIFT_OPTIMIZATION_LEVEL = "-Onone";
			};
			name = Debug;
		};
		3324131228DA7CA2006A2112 /* Release */ = {
			isa = XCBuildConfiguration;
			buildSettings = {
				ALWAYS_SEARCH_USER_PATHS = NO;
				CLANG_ANALYZER_LOCALIZABILITY_NONLOCALIZED = YES;
				CLANG_ANALYZER_NONNULL = YES;
				CLANG_ANALYZER_NUMBER_OBJECT_CONVERSION = YES_AGGRESSIVE;
				CLANG_CXX_LANGUAGE_STANDARD = "gnu++17";
				CLANG_CXX_LIBRARY = "libc++";
				CLANG_ENABLE_MODULES = YES;
				CLANG_ENABLE_OBJC_ARC = YES;
				CLANG_ENABLE_OBJC_WEAK = YES;
				CLANG_WARN_BLOCK_CAPTURE_AUTORELEASING = YES;
				CLANG_WARN_BOOL_CONVERSION = YES;
				CLANG_WARN_COMMA = YES;
				CLANG_WARN_CONSTANT_CONVERSION = YES;
				CLANG_WARN_DEPRECATED_OBJC_IMPLEMENTATIONS = YES;
				CLANG_WARN_DIRECT_OBJC_ISA_USAGE = YES_ERROR;
				CLANG_WARN_DOCUMENTATION_COMMENTS = YES;
				CLANG_WARN_EMPTY_BODY = YES;
				CLANG_WARN_ENUM_CONVERSION = YES;
				CLANG_WARN_INFINITE_RECURSION = YES;
				CLANG_WARN_INT_CONVERSION = YES;
				CLANG_WARN_NON_LITERAL_NULL_CONVERSION = YES;
				CLANG_WARN_OBJC_IMPLICIT_RETAIN_SELF = YES;
				CLANG_WARN_OBJC_LITERAL_CONVERSION = YES;
				CLANG_WARN_OBJC_ROOT_CLASS = YES_ERROR;
				CLANG_WARN_QUOTED_INCLUDE_IN_FRAMEWORK_HEADER = YES;
				CLANG_WARN_RANGE_LOOP_ANALYSIS = YES;
				CLANG_WARN_STRICT_PROTOTYPES = YES;
				CLANG_WARN_SUSPICIOUS_MOVE = YES;
				CLANG_WARN_UNGUARDED_AVAILABILITY = YES_AGGRESSIVE;
				CLANG_WARN_UNREACHABLE_CODE = YES;
				CLANG_WARN__DUPLICATE_METHOD_MATCH = YES;
				COPY_PHASE_STRIP = NO;
				DEBUG_INFORMATION_FORMAT = "dwarf-with-dsym";
				ENABLE_NS_ASSERTIONS = NO;
				ENABLE_STRICT_OBJC_MSGSEND = YES;
				GCC_C_LANGUAGE_STANDARD = gnu11;
				GCC_NO_COMMON_BLOCKS = YES;
				GCC_WARN_64_TO_32_BIT_CONVERSION = YES;
				GCC_WARN_ABOUT_RETURN_TYPE = YES_ERROR;
				GCC_WARN_UNDECLARED_SELECTOR = YES;
				GCC_WARN_UNINITIALIZED_AUTOS = YES_AGGRESSIVE;
				GCC_WARN_UNUSED_FUNCTION = YES;
				GCC_WARN_UNUSED_VARIABLE = YES;
				IPHONEOS_DEPLOYMENT_TARGET = 15.0;
				MTL_ENABLE_DEBUG_INFO = NO;
				MTL_FAST_MATH = YES;
				SDKROOT = iphoneos;
				SWIFT_COMPILATION_MODE = wholemodule;
				SWIFT_OPTIMIZATION_LEVEL = "-O";
				VALIDATE_PRODUCT = YES;
			};
			name = Release;
		};
		3324131428DA7CA2006A2112 /* Debug */ = {
			isa = XCBuildConfiguration;
			buildSettings = {
				ASSETCATALOG_COMPILER_APPICON_NAME = AppIcon;
				ASSETCATALOG_COMPILER_GLOBAL_ACCENT_COLOR_NAME = AccentColor;
				CODE_SIGN_STYLE = Automatic;
				CURRENT_PROJECT_VERSION = 1;
				GENERATE_INFOPLIST_FILE = YES;
				INFOPLIST_FILE = StoreSearch/Info.plist;
				INFOPLIST_KEY_CFBundleDisplayName = "";
				INFOPLIST_KEY_UIApplicationSupportsIndirectInputEvents = YES;
				INFOPLIST_KEY_UILaunchStoryboardName = LaunchScreen;
				INFOPLIST_KEY_UIMainStoryboardFile = Main;
				INFOPLIST_KEY_UISupportedInterfaceOrientations_iPad = "UIInterfaceOrientationPortrait UIInterfaceOrientationPortraitUpsideDown UIInterfaceOrientationLandscapeLeft UIInterfaceOrientationLandscapeRight";
				INFOPLIST_KEY_UISupportedInterfaceOrientations_iPhone = "UIInterfaceOrientationPortrait UIInterfaceOrientationLandscapeLeft UIInterfaceOrientationLandscapeRight";
				LD_RUNPATH_SEARCH_PATHS = (
					"$(inherited)",
					"@executable_path/Frameworks",
				);
				MARKETING_VERSION = 1.0;
				PRODUCT_BUNDLE_IDENTIFIER = jose.StoreSearch;
				PRODUCT_NAME = "$(TARGET_NAME)";
				SWIFT_EMIT_LOC_STRINGS = YES;
				SWIFT_VERSION = 5.0;
				TARGETED_DEVICE_FAMILY = "1,2";
			};
			name = Debug;
		};
		3324131528DA7CA2006A2112 /* Release */ = {
			isa = XCBuildConfiguration;
			buildSettings = {
				ASSETCATALOG_COMPILER_APPICON_NAME = AppIcon;
				ASSETCATALOG_COMPILER_GLOBAL_ACCENT_COLOR_NAME = AccentColor;
				CODE_SIGN_STYLE = Automatic;
				CURRENT_PROJECT_VERSION = 1;
				GENERATE_INFOPLIST_FILE = YES;
				INFOPLIST_FILE = StoreSearch/Info.plist;
				INFOPLIST_KEY_CFBundleDisplayName = "";
				INFOPLIST_KEY_UIApplicationSupportsIndirectInputEvents = YES;
				INFOPLIST_KEY_UILaunchStoryboardName = LaunchScreen;
				INFOPLIST_KEY_UIMainStoryboardFile = Main;
				INFOPLIST_KEY_UISupportedInterfaceOrientations_iPad = "UIInterfaceOrientationPortrait UIInterfaceOrientationPortraitUpsideDown UIInterfaceOrientationLandscapeLeft UIInterfaceOrientationLandscapeRight";
				INFOPLIST_KEY_UISupportedInterfaceOrientations_iPhone = "UIInterfaceOrientationPortrait UIInterfaceOrientationLandscapeLeft UIInterfaceOrientationLandscapeRight";
				LD_RUNPATH_SEARCH_PATHS = (
					"$(inherited)",
					"@executable_path/Frameworks",
				);
				MARKETING_VERSION = 1.0;
				PRODUCT_BUNDLE_IDENTIFIER = jose.StoreSearch;
				PRODUCT_NAME = "$(TARGET_NAME)";
				SWIFT_EMIT_LOC_STRINGS = YES;
				SWIFT_VERSION = 5.0;
				TARGETED_DEVICE_FAMILY = "1,2";
			};
			name = Release;
		};
/* End XCBuildConfiguration section */

/* Begin XCConfigurationList section */
		332412FA28DA7C92006A2112 /* Build configuration list for PBXProject "StoreSearch" */ = {
			isa = XCConfigurationList;
			buildConfigurations = (
				3324131128DA7CA2006A2112 /* Debug */,
				3324131228DA7CA2006A2112 /* Release */,
			);
			defaultConfigurationIsVisible = 0;
			defaultConfigurationName = Release;
		};
		3324131328DA7CA2006A2112 /* Build configuration list for PBXNativeTarget "StoreSearch" */ = {
			isa = XCConfigurationList;
			buildConfigurations = (
				3324131428DA7CA2006A2112 /* Debug */,
				3324131528DA7CA2006A2112 /* Release */,
			);
			defaultConfigurationIsVisible = 0;
			defaultConfigurationName = Release;
		};
/* End XCConfigurationList section */
	};
	rootObject = 332412F728DA7C92006A2112 /* Project object */;
}
